
Microsoft Visual Studio Solution File, Format Version 11.00
# Visual Studio 2010
Project("{FAE04EC0-301F-11D3-BF4B-00C04F79EFBC}") = "Assembly-CSharp", "Assembly-CSharp.csproj", "{E5046661-1926-D91E-21B0-9D70A54C4EFE}"
EndProject
Project("{FAE04EC0-301F-11D3-BF4B-00C04F79EFBC}") = "ParrelSync", "ParrelSync.csproj", "{3CA6F1BA-42D3-7E4B-C0B9-060FFD6FC7C6}"
EndProject
Global
	GlobalSection(SolutionConfigurationPlatforms) = preSolution
		Debug|Any CPU = Debug|Any CPU
		Release|Any CPU = Release|Any CPU
	EndGlobalSection
	GlobalSection(ProjectConfigurationPlatforms) = postSolution
		{E5046661-1926-D91E-21B0-9D70A54C4EFE}.Debug|Any CPU.ActiveCfg = Debug|Any CPU
		{E5046661-1926-D91E-21B0-9D70A54C4EFE}.Debug|Any CPU.Build.0 = Debug|Any CPU
		{E5046661-1926-D91E-21B0-9D70A54C4EFE}.Release|Any CPU.ActiveCfg = Release|Any CPU
		{E5046661-1926-D91E-21B0-9D70A54C4EFE}.Release|Any CPU.Build.0 = Release|Any CPU
		{3CA6F1BA-42D3-7E4B-C0B9-060FFD6FC7C6}.Debug|Any CPU.ActiveCfg = Debug|Any CPU
		{3CA6F1BA-42D3-7E4B-C0B9-060FFD6FC7C6}.Debug|Any CPU.Build.0 = Debug|Any CPU
		{3CA6F1BA-42D3-7E4B-C0B9-060FFD6FC7C6}.Release|Any CPU.ActiveCfg = Release|Any CPU
		{3CA6F1BA-42D3-7E4B-C0B9-060FFD6FC7C6}.Release|Any CPU.Build.0 = Release|Any CPU
	EndGlobalSection
	GlobalSection(SolutionProperties) = preSolution
		HideSolutionNode = FALSE
	EndGlobalSection
	GlobalSection(MonoDevelopProperties) = preSolution
		StartupItem = Assembly-CSharp.csproj
	EndGlobalSection
EndGlobal
